
Microsoft Visual Studio Solution File, Format Version 12.00
Project("{FAE04EC0-301F-11D3-BF4B-00C04F79EFBC}") = "LabPublicacion", "LabPublicacion\LabPublicacion.csproj", "{7CE51F64-7E4A-471B-8533-A188324DD33D}"
EndProject
Global
	GlobalSection(SolutionConfigurationPlatforms) = preSolution
		Debug|Any CPU = Debug|Any CPU
		Release|Any CPU = Release|Any CPU
	EndGlobalSection
	GlobalSection(ProjectConfigurationPlatforms) = postSolution
		{7CE51F64-7E4A-471B-8533-A188324DD33D}.Debug|Any CPU.ActiveCfg = Debug|Any CPU
		{7CE51F64-7E4A-471B-8533-A188324DD33D}.Debug|Any CPU.Build.0 = Debug|Any CPU
		{7CE51F64-7E4A-471B-8533-A188324DD33D}.Release|Any CPU.ActiveCfg = Release|Any CPU
		{7CE51F64-7E4A-471B-8533-A188324DD33D}.Release|Any CPU.Build.0 = Release|Any CPU
	EndGlobalSection
EndGlobal
